// !$*UTF8*$!
{
	archiveVersion = 1;
	classes = {
	};
	objectVersion = 77;
	objects = {

/* Begin PBXContainerItemProxy section */
		005074402CD8BE7300E9A4A6 /* PBXContainerItemProxy */ = {
			isa = PBXContainerItemProxy;
			containerPortal = 005074272CD8BE7100E9A4A6 /* Project object */;
			proxyType = 1;
			remoteGlobalIDString = 0050742E2CD8BE7100E9A4A6;
			remoteInfo = PhotoHunt;
		};
		0050744A2CD8BE7300E9A4A6 /* PBXContainerItemProxy */ = {
			isa = PBXContainerItemProxy;
			containerPortal = 005074272CD8BE7100E9A4A6 /* Project object */;
			proxyType = 1;
			remoteGlobalIDString = 0050742E2CD8BE7100E9A4A6;
			remoteInfo = PhotoHunt;
		};
/* End PBXContainerItemProxy section */

/* Begin PBXFileReference section */
		0050742F2CD8BE7100E9A4A6 /* PhotoHunt.app */ = {isa = PBXFileReference; explicitFileType = wrapper.application; includeInIndex = 0; path = PhotoHunt.app; sourceTree = BUILT_PRODUCTS_DIR; };
		0050743F2CD8BE7300E9A4A6 /* PhotoHuntTests.xctest */ = {isa = PBXFileReference; explicitFileType = wrapper.cfbundle; includeInIndex = 0; path = PhotoHuntTests.xctest; sourceTree = BUILT_PRODUCTS_DIR; };
		005074492CD8BE7300E9A4A6 /* PhotoHuntUITests.xctest */ = {isa = PBXFileReference; explicitFileType = wrapper.cfbundle; includeInIndex = 0; path = PhotoHuntUITests.xctest; sourceTree = BUILT_PRODUCTS_DIR; };
/* End PBXFileReference section */

/* Begin PBXFileSystemSynchronizedRootGroup section */
		005074312CD8BE7100E9A4A6 /* PhotoHunt */ = {
			isa = PBXFileSystemSynchronizedRootGroup;
			path = PhotoHunt;
			sourceTree = "<group>";
		};
		005074422CD8BE7300E9A4A6 /* PhotoHuntTests */ = {
			isa = PBXFileSystemSynchronizedRootGroup;
			path = PhotoHuntTests;
			sourceTree = "<group>";
		};
		0050744C2CD8BE7300E9A4A6 /* PhotoHuntUITests */ = {
			isa = PBXFileSystemSynchronizedRootGroup;
			path = PhotoHuntUITests;
			sourceTree = "<group>";
		};
/* End PBXFileSystemSynchronizedRootGroup section */

/* Begin PBXFrameworksBuildPhase section */
		0050742C2CD8BE7100E9A4A6 /* Frameworks */ = {
			isa = PBXFrameworksBuildPhase;
			buildActionMask = 2147483647;
			files = (
			);
			runOnlyForDeploymentPostprocessing = 0;
		};
		0050743C2CD8BE7300E9A4A6 /* Frameworks */ = {
			isa = PBXFrameworksBuildPhase;
			buildActionMask = 2147483647;
			files = (
			);
			runOnlyForDeploymentPostprocessing = 0;
		};
		005074462CD8BE7300E9A4A6 /* Frameworks */ = {
			isa = PBXFrameworksBuildPhase;
			buildActionMask = 2147483647;
			files = (
			);
			runOnlyForDeploymentPostprocessing = 0;
		};
/* End PBXFrameworksBuildPhase section */

/* Begin PBXGroup section */
		005074262CD8BE7100E9A4A6 = {
			isa = PBXGroup;
			children = (
				005074312CD8BE7100E9A4A6 /* PhotoHunt */,
				005074422CD8BE7300E9A4A6 /* PhotoHuntTests */,
				0050744C2CD8BE7300E9A4A6 /* PhotoHuntUITests */,
				005074302CD8BE7100E9A4A6 /* Products */,
			);
			sourceTree = "<group>";
		};
		005074302CD8BE7100E9A4A6 /* Products */ = {
			isa = PBXGroup;
			children = (
				0050742F2CD8BE7100E9A4A6 /* PhotoHunt.app */,
				0050743F2CD8BE7300E9A4A6 /* PhotoHuntTests.xctest */,
				005074492CD8BE7300E9A4A6 /* PhotoHuntUITests.xctest */,
			);
			name = Products;
			sourceTree = "<group>";
		};
/* End PBXGroup section */

/* Begin PBXNativeTarget section */
		0050742E2CD8BE7100E9A4A6 /* PhotoHunt */ = {
			isa = PBXNativeTarget;
			buildConfigurationList = 005074532CD8BE7300E9A4A6 /* Build configuration list for PBXNativeTarget "PhotoHunt" */;
			buildPhases = (
				0050742B2CD8BE7100E9A4A6 /* Sources */,
				0050742C2CD8BE7100E9A4A6 /* Frameworks */,
				0050742D2CD8BE7100E9A4A6 /* Resources */,
			);
			buildRules = (
			);
			dependencies = (
			);
			fileSystemSynchronizedGroups = (
				005074312CD8BE7100E9A4A6 /* PhotoHunt */,
			);
			name = PhotoHunt;
			packageProductDependencies = (
			);
			productName = PhotoHunt;
			productReference = 0050742F2CD8BE7100E9A4A6 /* PhotoHunt.app */;
			productType = "com.apple.product-type.application";
		};
		0050743E2CD8BE7300E9A4A6 /* PhotoHuntTests */ = {
			isa = PBXNativeTarget;
			buildConfigurationList = 005074562CD8BE7300E9A4A6 /* Build configuration list for PBXNativeTarget "PhotoHuntTests" */;
			buildPhases = (
				0050743B2CD8BE7300E9A4A6 /* Sources */,
				0050743C2CD8BE7300E9A4A6 /* Frameworks */,
				0050743D2CD8BE7300E9A4A6 /* Resources */,
			);
			buildRules = (
			);
			dependencies = (
				005074412CD8BE7300E9A4A6 /* PBXTargetDependency */,
			);
			fileSystemSynchronizedGroups = (
				005074422CD8BE7300E9A4A6 /* PhotoHuntTests */,
			);
			name = PhotoHuntTests;
			packageProductDependencies = (
			);
			productName = PhotoHuntTests;
			productReference = 0050743F2CD8BE7300E9A4A6 /* PhotoHuntTests.xctest */;
			productType = "com.apple.product-type.bundle.unit-test";
		};
		005074482CD8BE7300E9A4A6 /* PhotoHuntUITests */ = {
			isa = PBXNativeTarget;
			buildConfigurationList = 005074592CD8BE7300E9A4A6 /* Build configuration list for PBXNativeTarget "PhotoHuntUITests" */;
			buildPhases = (
				005074452CD8BE7300E9A4A6 /* Sources */,
				005074462CD8BE7300E9A4A6 /* Frameworks */,
				005074472CD8BE7300E9A4A6 /* Resources */,
			);
			buildRules = (
			);
			dependencies = (
				0050744B2CD8BE7300E9A4A6 /* PBXTargetDependency */,
			);
			fileSystemSynchronizedGroups = (
				0050744C2CD8BE7300E9A4A6 /* PhotoHuntUITests */,
			);
			name = PhotoHuntUITests;
			packageProductDependencies = (
			);
			productName = PhotoHuntUITests;
			productReference = 005074492CD8BE7300E9A4A6 /* PhotoHuntUITests.xctest */;
			productType = "com.apple.product-type.bundle.ui-testing";
		};
/* End PBXNativeTarget section */

/* Begin PBXProject section */
		005074272CD8BE7100E9A4A6 /* Project object */ = {
			isa = PBXProject;
			attributes = {
				BuildIndependentTargetsInParallel = 1;
				LastSwiftUpdateCheck = 1610;
				LastUpgradeCheck = 1610;
				TargetAttributes = {
					0050742E2CD8BE7100E9A4A6 = {
						CreatedOnToolsVersion = 16.1;
					};
					0050743E2CD8BE7300E9A4A6 = {
						CreatedOnToolsVersion = 16.1;
						TestTargetID = 0050742E2CD8BE7100E9A4A6;
					};
					005074482CD8BE7300E9A4A6 = {
						CreatedOnToolsVersion = 16.1;
						TestTargetID = 0050742E2CD8BE7100E9A4A6;
					};
				};
			};
			buildConfigurationList = 0050742A2CD8BE7100E9A4A6 /* Build configuration list for PBXProject "PhotoHunt" */;
			developmentRegion = en;
			hasScannedForEncodings = 0;
			knownRegions = (
				en,
				Base,
			);
			mainGroup = 005074262CD8BE7100E9A4A6;
			minimizedProjectReferenceProxies = 1;
			preferredProjectObjectVersion = 77;
			productRefGroup = 005074302CD8BE7100E9A4A6 /* Products */;
			projectDirPath = "";
			projectRoot = "";
			targets = (
				0050742E2CD8BE7100E9A4A6 /* PhotoHunt */,
				0050743E2CD8BE7300E9A4A6 /* PhotoHuntTests */,
				005074482CD8BE7300E9A4A6 /* PhotoHuntUITests */,
			);
		};
/* End PBXProject section */

/* Begin PBXResourcesBuildPhase section */
		0050742D2CD8BE7100E9A4A6 /* Resources */ = {
			isa = PBXResourcesBuildPhase;
			buildActionMask = 2147483647;
			files = (
			);
			runOnlyForDeploymentPostprocessing = 0;
		};
		0050743D2CD8BE7300E9A4A6 /* Resources */ = {
			isa = PBXResourcesBuildPhase;
			buildActionMask = 2147483647;
			files = (
			);
			runOnlyForDeploymentPostprocessing = 0;
		};
		005074472CD8BE7300E9A4A6 /* Resources */ = {
			isa = PBXResourcesBuildPhase;
			buildActionMask = 2147483647;
			files = (
			);
			runOnlyForDeploymentPostprocessing = 0;
		};
/* End PBXResourcesBuildPhase section */

/* Begin PBXSourcesBuildPhase section */
		0050742B2CD8BE7100E9A4A6 /* Sources */ = {
			isa = PBXSourcesBuildPhase;
			buildActionMask = 2147483647;
			files = (
			);
			runOnlyForDeploymentPostprocessing = 0;
		};
		0050743B2CD8BE7300E9A4A6 /* Sources */ = {
			isa = PBXSourcesBuildPhase;
			buildActionMask = 2147483647;
			files = (
			);
			runOnlyForDeploymentPostprocessing = 0;
		};
		005074452CD8BE7300E9A4A6 /* Sources */ = {
			isa = PBXSourcesBuildPhase;
			buildActionMask = 2147483647;
			files = (
			);
			runOnlyForDeploymentPostprocessing = 0;
		};
/* End PBXSourcesBuildPhase section */

/* Begin PBXTargetDependency section */
		005074412CD8BE7300E9A4A6 /* PBXTargetDependency */ = {
			isa = PBXTargetDependency;
			target = 0050742E2CD8BE7100E9A4A6 /* PhotoHunt */;
			targetProxy = 005074402CD8BE7300E9A4A6 /* PBXContainerItemProxy */;
		};
		0050744B2CD8BE7300E9A4A6 /* PBXTargetDependency */ = {
			isa = PBXTargetDependency;
			target = 0050742E2CD8BE7100E9A4A6 /* PhotoHunt */;
			targetProxy = 0050744A2CD8BE7300E9A4A6 /* PBXContainerItemProxy */;
		};
/* End PBXTargetDependency section */

/* Begin XCBuildConfiguration section */
		005074512CD8BE7300E9A4A6 /* Debug */ = {
			isa = XCBuildConfiguration;
			buildSettings = {
				ALWAYS_SEARCH_USER_PATHS = NO;
				ASSETCATALOG_COMPILER_GENERATE_SWIFT_ASSET_SYMBOL_EXTENSIONS = YES;
				CLANG_ANALYZER_NONNULL = YES;
				CLANG_ANALYZER_NUMBER_OBJECT_CONVERSION = YES_AGGRESSIVE;
				CLANG_CXX_LANGUAGE_STANDARD = "gnu++20";
				CLANG_ENABLE_MODULES = YES;
				CLANG_ENABLE_OBJC_ARC = YES;
				CLANG_ENABLE_OBJC_WEAK = YES;
				CLANG_WARN_BLOCK_CAPTURE_AUTORELEASING = YES;
				CLANG_WARN_BOOL_CONVERSION = YES;
				CLANG_WARN_COMMA = YES;
				CLANG_WARN_CONSTANT_CONVERSION = YES;
				CLANG_WARN_DEPRECATED_OBJC_IMPLEMENTATIONS = YES;
				CLANG_WARN_DIRECT_OBJC_ISA_USAGE = YES_ERROR;
				CLANG_WARN_DOCUMENTATION_COMMENTS = YES;
				CLANG_WARN_EMPTY_BODY = YES;
				CLANG_WARN_ENUM_CONVERSION = YES;
				CLANG_WARN_INFINITE_RECURSION = YES;
				CLANG_WARN_INT_CONVERSION = YES;
				CLANG_WARN_NON_LITERAL_NULL_CONVERSION = YES;
				CLANG_WARN_OBJC_IMPLICIT_RETAIN_SELF = YES;
				CLANG_WARN_OBJC_LITERAL_CONVERSION = YES;
				CLANG_WARN_OBJC_ROOT_CLASS = YES_ERROR;
				CLANG_WARN_QUOTED_INCLUDE_IN_FRAMEWORK_HEADER = YES;
				CLANG_WARN_RANGE_LOOP_ANALYSIS = YES;
				CLANG_WARN_STRICT_PROTOTYPES = YES;
				CLANG_WARN_SUSPICIOUS_MOVE = YES;
				CLANG_WARN_UNGUARDED_AVAILABILITY = YES_AGGRESSIVE;
				CLANG_WARN_UNREACHABLE_CODE = YES;
				CLANG_WARN__DUPLICATE_METHOD_MATCH = YES;
				COPY_PHASE_STRIP = NO;
				DEBUG_INFORMATION_FORMAT = dwarf;
				ENABLE_STRICT_OBJC_MSGSEND = YES;
				ENABLE_TESTABILITY = YES;
				ENABLE_USER_SCRIPT_SANDBOXING = YES;
				GCC_C_LANGUAGE_STANDARD = gnu17;
				GCC_DYNAMIC_NO_PIC = NO;
				GCC_NO_COMMON_BLOCKS = YES;
				GCC_OPTIMIZATION_LEVEL = 0;
				GCC_PREPROCESSOR_DEFINITIONS = (
					"DEBUG=1",
					"$(inherited)",
				);
				GCC_WARN_64_TO_32_BIT_CONVERSION = YES;
				GCC_WARN_ABOUT_RETURN_TYPE = YES_ERROR;
				GCC_WARN_UNDECLARED_SELECTOR = YES;
				GCC_WARN_UNINITIALIZED_AUTOS = YES_AGGRESSIVE;
				GCC_WARN_UNUSED_FUNCTION = YES;
				GCC_WARN_UNUSED_VARIABLE = YES;
				IPHONEOS_DEPLOYMENT_TARGET = 18.1;
				LOCALIZATION_PREFERS_STRING_CATALOGS = YES;
				MTL_ENABLE_DEBUG_INFO = INCLUDE_SOURCE;
				MTL_FAST_MATH = YES;
				ONLY_ACTIVE_ARCH = YES;
				SDKROOT = iphoneos;
				SWIFT_ACTIVE_COMPILATION_CONDITIONS = "DEBUG $(inherited)";
				SWIFT_OPTIMIZATION_LEVEL = "-Onone";
			};
			name = Debug;
		};
		005074522CD8BE7300E9A4A6 /* Release */ = {
			isa = XCBuildConfiguration;
			buildSettings = {
				ALWAYS_SEARCH_USER_PATHS = NO;
				ASSETCATALOG_COMPILER_GENERATE_SWIFT_ASSET_SYMBOL_EXTENSIONS = YES;
				CLANG_ANALYZER_NONNULL = YES;
				CLANG_ANALYZER_NUMBER_OBJECT_CONVERSION = YES_AGGRESSIVE;
				CLANG_CXX_LANGUAGE_STANDARD = "gnu++20";
				CLANG_ENABLE_MODULES = YES;
				CLANG_ENABLE_OBJC_ARC = YES;
				CLANG_ENABLE_OBJC_WEAK = YES;
				CLANG_WARN_BLOCK_CAPTURE_AUTORELEASING = YES;
				CLANG_WARN_BOOL_CONVERSION = YES;
				CLANG_WARN_COMMA = YES;
				CLANG_WARN_CONSTANT_CONVERSION = YES;
				CLANG_WARN_DEPRECATED_OBJC_IMPLEMENTATIONS = YES;
				CLANG_WARN_DIRECT_OBJC_ISA_USAGE = YES_ERROR;
				CLANG_WARN_DOCUMENTATION_COMMENTS = YES;
				CLANG_WARN_EMPTY_BODY = YES;
				CLANG_WARN_ENUM_CONVERSION = YES;
				CLANG_WARN_INFINITE_RECURSION = YES;
				CLANG_WARN_INT_CONVERSION = YES;
				CLANG_WARN_NON_LITERAL_NULL_CONVERSION = YES;
				CLANG_WARN_OBJC_IMPLICIT_RETAIN_SELF = YES;
				CLANG_WARN_OBJC_LITERAL_CONVERSION = YES;
				CLANG_WARN_OBJC_ROOT_CLASS = YES_ERROR;
				CLANG_WARN_QUOTED_INCLUDE_IN_FRAMEWORK_HEADER = YES;
				CLANG_WARN_RANGE_LOOP_ANALYSIS = YES;
				CLANG_WARN_STRICT_PROTOTYPES = YES;
				CLANG_WARN_SUSPICIOUS_MOVE = YES;
				CLANG_WARN_UNGUARDED_AVAILABILITY = YES_AGGRESSIVE;
				CLANG_WARN_UNREACHABLE_CODE = YES;
				CLANG_WARN__DUPLICATE_METHOD_MATCH = YES;
				COPY_PHASE_STRIP = NO;
				DEBUG_INFORMATION_FORMAT = "dwarf-with-dsym";
				ENABLE_NS_ASSERTIONS = NO;
				ENABLE_STRICT_OBJC_MSGSEND = YES;
				ENABLE_USER_SCRIPT_SANDBOXING = YES;
				GCC_C_LANGUAGE_STANDARD = gnu17;
				GCC_NO_COMMON_BLOCKS = YES;
				GCC_WARN_64_TO_32_BIT_CONVERSION = YES;
				GCC_WARN_ABOUT_RETURN_TYPE = YES_ERROR;
				GCC_WARN_UNDECLARED_SELECTOR = YES;
				GCC_WARN_UNINITIALIZED_AUTOS = YES_AGGRESSIVE;
				GCC_WARN_UNUSED_FUNCTION = YES;
				GCC_WARN_UNUSED_VARIABLE = YES;
				IPHONEOS_DEPLOYMENT_TARGET = 18.1;
				LOCALIZATION_PREFERS_STRING_CATALOGS = YES;
				MTL_ENABLE_DEBUG_INFO = NO;
				MTL_FAST_MATH = YES;
				SDKROOT = iphoneos;
				SWIFT_COMPILATION_MODE = wholemodule;
				VALIDATE_PRODUCT = YES;
			};
			name = Release;
		};
		005074542CD8BE7300E9A4A6 /* Debug */ = {
			isa = XCBuildConfiguration;
			buildSettings = {
				ASSETCATALOG_COMPILER_APPICON_NAME = AppIcon;
				ASSETCATALOG_COMPILER_GLOBAL_ACCENT_COLOR_NAME = AccentColor;
				CODE_SIGN_STYLE = Automatic;
				CURRENT_PROJECT_VERSION = 1;
				DEVELOPMENT_ASSET_PATHS = "\"PhotoHunt/Preview Content\"";
				DEVELOPMENT_TEAM = M8JFQ64CMA;
				ENABLE_PREVIEWS = YES;
				GENERATE_INFOPLIST_FILE = YES;
				INFOPLIST_KEY_CFBundleDisplayName = PhotoHunt;
				INFOPLIST_KEY_LSApplicationCategoryType = "public.app-category.photography";
				INFOPLIST_KEY_UIApplicationSceneManifest_Generation = YES;
				INFOPLIST_KEY_UIApplicationSupportsIndirectInputEvents = YES;
				INFOPLIST_KEY_UILaunchScreen_Generation = YES;
				INFOPLIST_KEY_UISupportedInterfaceOrientations = UIInterfaceOrientationPortrait;
				INFOPLIST_KEY_UISupportedInterfaceOrientations_iPad = "UIInterfaceOrientationLandscapeLeft UIInterfaceOrientationLandscapeRight UIInterfaceOrientationPortrait UIInterfaceOrientationPortraitUpsideDown";
				IPHONEOS_DEPLOYMENT_TARGET = 18.0;
				LD_RUNPATH_SEARCH_PATHS = (
					"$(inherited)",
					"@executable_path/Frameworks",
				);
				MARKETING_VERSION = 0.1;
				PRODUCT_BUNDLE_IDENTIFIER = com.kent.PhotoHunt;
				PRODUCT_NAME = "$(TARGET_NAME)";
				SWIFT_EMIT_LOC_STRINGS = YES;
				SWIFT_VERSION = 5.0;
				TARGETED_DEVICE_FAMILY = "1,2";
			};
			name = Debug;
		};
		005074552CD8BE7300E9A4A6 /* Release */ = {
			isa = XCBuildConfiguration;
			buildSettings = {
				ASSETCATALOG_COMPILER_APPICON_NAME = AppIcon;
				ASSETCATALOG_COMPILER_GLOBAL_ACCENT_COLOR_NAME = AccentColor;
				CODE_SIGN_STYLE = Automatic;
				CURRENT_PROJECT_VERSION = 1;
				DEVELOPMENT_ASSET_PATHS = "\"PhotoHunt/Preview Content\"";
				DEVELOPMENT_TEAM = M8JFQ64CMA;
				ENABLE_PREVIEWS = YES;
				GENERATE_INFOPLIST_FILE = YES;
				INFOPLIST_KEY_CFBundleDisplayName = PhotoHunt;
				INFOPLIST_KEY_LSApplicationCategoryType = "public.app-category.photography";
				INFOPLIST_KEY_UIApplicationSceneManifest_Generation = YES;
				INFOPLIST_KEY_UIApplicationSupportsIndirectInputEvents = YES;
				INFOPLIST_KEY_UILaunchScreen_Generation = YES;
				INFOPLIST_KEY_UISupportedInterfaceOrientations = UIInterfaceOrientationPortrait;
				INFOPLIST_KEY_UISupportedInterfaceOrientations_iPad = "UIInterfaceOrientationLandscapeLeft UIInterfaceOrientationLandscapeRight UIInterfaceOrientationPortrait UIInterfaceOrientationPortraitUpsideDown";
				IPHONEOS_DEPLOYMENT_TARGET = 18.0;
				LD_RUNPATH_SEARCH_PATHS = (
					"$(inherited)",
					"@executable_path/Frameworks",
				);
				MARKETING_VERSION = 0.1;
				PRODUCT_BUNDLE_IDENTIFIER = com.kent.PhotoHunt;
				PRODUCT_NAME = "$(TARGET_NAME)";
				SWIFT_EMIT_LOC_STRINGS = YES;
				SWIFT_VERSION = 5.0;
				TARGETED_DEVICE_FAMILY = "1,2";
			};
			name = Release;
		};
		005074572CD8BE7300E9A4A6 /* Debug */ = {
			isa = XCBuildConfiguration;
			buildSettings = {
				BUNDLE_LOADER = "$(TEST_HOST)";
				CODE_SIGN_STYLE = Automatic;
				CURRENT_PROJECT_VERSION = 1;
				DEVELOPMENT_TEAM = M8JFQ64CMA;
				GENERATE_INFOPLIST_FILE = YES;
				IPHONEOS_DEPLOYMENT_TARGET = 18.1;
				MARKETING_VERSION = 1.0;
				PRODUCT_BUNDLE_IDENTIFIER = com.kent.PhotoHuntTests;
				PRODUCT_NAME = "$(TARGET_NAME)";
				SWIFT_EMIT_LOC_STRINGS = NO;
				SWIFT_VERSION = 5.0;
				TARGETED_DEVICE_FAMILY = "1,2";
				TEST_HOST = "$(BUILT_PRODUCTS_DIR)/PhotoHunt.app/$(BUNDLE_EXECUTABLE_FOLDER_PATH)/PhotoHunt";
			};
			name = Debug;
		};
		005074582CD8BE7300E9A4A6 /* Release */ = {
			isa = XCBuildConfiguration;
			buildSettings = {
				BUNDLE_LOADER = "$(TEST_HOST)";
				CODE_SIGN_STYLE = Automatic;
				CURRENT_PROJECT_VERSION = 1;
				DEVELOPMENT_TEAM = M8JFQ64CMA;
				GENERATE_INFOPLIST_FILE = YES;
				IPHONEOS_DEPLOYMENT_TARGET = 18.1;
				MARKETING_VERSION = 1.0;
				PRODUCT_BUNDLE_IDENTIFIER = com.kent.PhotoHuntTests;
				PRODUCT_NAME = "$(TARGET_NAME)";
				SWIFT_EMIT_LOC_STRINGS = NO;
				SWIFT_VERSION = 5.0;
				TARGETED_DEVICE_FAMILY = "1,2";
				TEST_HOST = "$(BUILT_PRODUCTS_DIR)/PhotoHunt.app/$(BUNDLE_EXECUTABLE_FOLDER_PATH)/PhotoHunt";
			};
			name = Release;
		};
		0050745A2CD8BE7300E9A4A6 /* Debug */ = {
			isa = XCBuildConfiguration;
			buildSettings = {
				CODE_SIGN_STYLE = Automatic;
				CURRENT_PROJECT_VERSION = 1;
				DEVELOPMENT_TEAM = M8JFQ64CMA;
				GENERATE_INFOPLIST_FILE = YES;
				MARKETING_VERSION = 1.0;
				PRODUCT_BUNDLE_IDENTIFIER = com.kent.PhotoHuntUITests;
				PRODUCT_NAME = "$(TARGET_NAME)";
				SWIFT_EMIT_LOC_STRINGS = NO;
				SWIFT_VERSION = 5.0;
				TARGETED_DEVICE_FAMILY = "1,2";
				TEST_TARGET_NAME = PhotoHunt;
			};
			name = Debug;
		};
		0050745B2CD8BE7300E9A4A6 /* Release */ = {
			isa = XCBuildConfiguration;
			buildSettings = {
				CODE_SIGN_STYLE = Automatic;
				CURRENT_PROJECT_VERSION = 1;
				DEVELOPMENT_TEAM = M8JFQ64CMA;
				GENERATE_INFOPLIST_FILE = YES;
				MARKETING_VERSION = 1.0;
				PRODUCT_BUNDLE_IDENTIFIER = com.kent.PhotoHuntUITests;
				PRODUCT_NAME = "$(TARGET_NAME)";
				SWIFT_EMIT_LOC_STRINGS = NO;
				SWIFT_VERSION = 5.0;
				TARGETED_DEVICE_FAMILY = "1,2";
				TEST_TARGET_NAME = PhotoHunt;
			};
			name = Release;
		};
/* End XCBuildConfiguration section */

/* Begin XCConfigurationList section */
		0050742A2CD8BE7100E9A4A6 /* Build configuration list for PBXProject "PhotoHunt" */ = {
			isa = XCConfigurationList;
			buildConfigurations = (
				005074512CD8BE7300E9A4A6 /* Debug */,
				005074522CD8BE7300E9A4A6 /* Release */,
			);
			defaultConfigurationIsVisible = 0;
			defaultConfigurationName = Release;
		};
		005074532CD8BE7300E9A4A6 /* Build configuration list for PBXNativeTarget "PhotoHunt" */ = {
			isa = XCConfigurationList;
			buildConfigurations = (
				005074542CD8BE7300E9A4A6 /* Debug */,
				005074552CD8BE7300E9A4A6 /* Release */,
			);
			defaultConfigurationIsVisible = 0;
			defaultConfigurationName = Release;
		};
		005074562CD8BE7300E9A4A6 /* Build configuration list for PBXNativeTarget "PhotoHuntTests" */ = {
			isa = XCConfigurationList;
			buildConfigurations = (
				005074572CD8BE7300E9A4A6 /* Debug */,
				005074582CD8BE7300E9A4A6 /* Release */,
			);
			defaultConfigurationIsVisible = 0;
			defaultConfigurationName = Release;
		};
		005074592CD8BE7300E9A4A6 /* Build configuration list for PBXNativeTarget "PhotoHuntUITests" */ = {
			isa = XCConfigurationList;
			buildConfigurations = (
				0050745A2CD8BE7300E9A4A6 /* Debug */,
				0050745B2CD8BE7300E9A4A6 /* Release */,
			);
			defaultConfigurationIsVisible = 0;
			defaultConfigurationName = Release;
		};
/* End XCConfigurationList section */
	};
	rootObject = 005074272CD8BE7100E9A4A6 /* Project object */;
}
